#MicroXplorer Configuration settings - do not modify
PH0-OSC_IN.Signal=RCC_OSC_IN
SH.S_TIM1_CH4.0=TIM1_CH4,PWM Generation4 CH4
USART2.IPParameters=VirtualMode
SPI1.VirtualType=VM_MASTER
SPI2.VirtualType=VM_MASTER
PB10.Mode=Asynchronous
PC12.Locked=true
TIM1.IPParameters=Channel-PWM Generation1 CH1,Channel-PWM Generation2 CH2,Channel-PWM Generation3 CH3,Channel-PWM Generation4 CH4
RCC.PLLCLKFreq_Value=120000000
PC12.Signal=SDIO_CK
RCC.PLLQCLKFreq_Value=48000000
RCC.RTCFreq_Value=32000
TIM8.Channel-PWM\ Generation4\ CH4=TIM_CHANNEL_4
PD0.Locked=true
SH.S_TIM1_CH1.ConfNb=1
USART1.IPParameters=VirtualMode
PB13.Signal=CAN2_TX
VP_TIM8_VS_ClockSourceINT.Signal=TIM8_VS_ClockSourceINT
PinOutPanel.RotationAngle=0
NVIC.SVCall_IRQn=true\:0\:0\:false\:false\:true\:false\:false
PH5.Signal=I2C2_SDA
ADC1.Channel-5\#ChannelRegularConversion=ADC_CHANNEL_13
SH.S_TIM3_CH2.ConfNb=1
PH9.Signal=S_TIM12_CH2
SPI1.Direction=SPI_DIRECTION_2LINES
PB6.Signal=I2C1_SCL
PC7.Signal=S_TIM3_CH2
PB6.Mode=I2C
SPI1.CalculateBaudRate=8.0 MBits/s
PC3.Signal=ADCx_IN13
PD0.Signal=CAN1_RX
PE5.Signal=S_TIM9_CH1
ProjectManager.ProjectBuild=false
NVIC.UsageFault_IRQn=true\:0\:0\:false\:false\:true\:false\:false
PB3.Mode=Full_Duplex_Master
PA4.Locked=true
PG14.Mode=Asynchronous
ProjectManager.FirmwarePackage=STM32Cube FW_F4 V1.25.0
MxDb.Version=DB.5.0.60
PE15.Locked=true
ProjectManager.BackupPrevious=false
SH.S_TIM12_CH1.0=TIM12_CH1,PWM Generation1 CH1
TIM1.Channel-PWM\ Generation1\ CH1=TIM_CHANNEL_1
PE9.Signal=S_TIM1_CH1
PB14.Mode=Full_Duplex_Master
PI6.Signal=S_TIM8_CH2
PC9.Mode=SD_4_bits_Wide_bus
SPI2.CalculateBaudRate=8.0 MBits/s
SH.ADCx_IN11.ConfNb=1
SH.S_TIM4_CH2.0=TIM4_CH2,Encoder_Interface
NVIC.PendSV_IRQn=true\:0\:0\:false\:false\:true\:false\:false
SH.S_TIM5_CH2.ConfNb=1
ProjectManager.HalAssertFull=false
SH.S_TIM8_CH1.ConfNb=1
VP_TIM1_VS_ClockSourceINT.Mode=Internal
Mcu.Package=LQFP176
PB9.Signal=I2C1_SDA
TIM8.Channel-PWM\ Generation3\ CH3=TIM_CHANNEL_3
SH.S_TIM8_CH4.0=TIM8_CH4,PWM Generation4 CH4
SPI2.Mode=SPI_MODE_MASTER
PD12.Signal=S_TIM4_CH1
PA14.Locked=true
VP_SYS_VS_Systick.Signal=SYS_VS_Systick
USART3.IPParameters=VirtualMode
PA10.Signal=USB_OTG_FS_ID
PC11.Mode=SD_4_bits_Wide_bus
SH.S_TIM12_CH2.0=TIM12_CH2,PWM Generation2 CH2
SH.S_TIM4_CH1.0=TIM4_CH1,Encoder_Interface
NVIC.BusFault_IRQn=true\:0\:0\:false\:false\:true\:false\:false
PB13.Mode=Slave
ProjectManager.CustomerFirmwarePackage=
CAN1.CalculateTimeQuantum=1000.0
TIM9.Channel-PWM\ Generation2\ CH2=TIM_CHANNEL_2
SH.S_TIM8_CH3.0=TIM8_CH3,PWM Generation3 CH3
SH.S_TIM4_CH1.ConfNb=1
TIM9.Channel-PWM\ Generation1\ CH1=TIM_CHANNEL_1
ProjectManager.ProjectFileName=Core_STM32Project.ioc
Mcu.PinsNb=75
Mcu.Pin73=VP_TIM9_VS_ClockSourceINT
PC11.Locked=true
Mcu.Pin74=VP_TIM12_VS_ClockSourceINT
Mcu.Pin71=VP_TIM7_VS_ClockSourceINT
ADC1.IPParameters=Rank-5\#ChannelRegularConversion,master,Channel-5\#ChannelRegularConversion,SamplingTime-5\#ChannelRegularConversion,NbrOfConversionFlag
Mcu.Pin72=VP_TIM8_VS_ClockSourceINT
PG9.Signal=USART6_RX
PG3.Locked=true
CAN1.IPParameters=CalculateTimeQuantum
CAN2.IPParameters=CalculateTimeQuantum
Mcu.Pin70=VP_TIM6_VS_ClockSourceINT
PG9.Mode=Asynchronous
PC6.Signal=S_TIM8_CH1
PC2.Signal=ADCx_IN12
PD1.Signal=CAN1_TX
Mcu.Pin68=VP_SYS_VS_Systick
Mcu.Pin69=VP_TIM1_VS_ClockSourceINT
PC0.Signal=ADCx_IN10
PC14-OSC32_IN.Signal=RCC_OSC32_IN
Mcu.Pin62=PB5
Mcu.Pin63=PB6
Mcu.Pin60=PB3
SH.S_TIM2_CH1_ETR.ConfNb=1
Mcu.Pin61=PB4
Mcu.Pin66=PI6
Mcu.Pin67=PI7
SH.S_TIM8_CH2.0=TIM8_CH2,PWM Generation2 CH2
Mcu.Pin64=PB7
Mcu.Pin65=PB9
VP_TIM9_VS_ClockSourceINT.Signal=TIM9_VS_ClockSourceINT
PA0-WKUP.Signal=S_TIM5_CH1
VP_TIM6_VS_ClockSourceINT.Signal=TIM6_VS_ClockSourceINT
PA3.Mode=Asynchronous
PA11.Locked=true
Mcu.Pin59=PG14
Mcu.Pin57=PD2
Mcu.Pin58=PG9
PB11.Mode=Asynchronous
SH.S_TIM9_CH2.0=TIM9_CH2,PWM Generation2 CH2
Mcu.Pin51=PA14
Mcu.Pin52=PC10
Mcu.Pin50=PI2
Mcu.Pin55=PD0
Mcu.Pin56=PD1
Mcu.Pin53=PC11
Mcu.Pin54=PC12
PA9.Signal=USART1_TX
SH.S_TIM2_CH2.ConfNb=1
VP_TIM1_VS_ClockSourceINT.Signal=TIM1_VS_ClockSourceINT
TIM1.Channel-PWM\ Generation2\ CH2=TIM_CHANNEL_2
PB5.Locked=true
VP_TIM8_VS_ClockSourceINT.Mode=Internal
Mcu.Pin48=PA13
Mcu.Pin49=PI1
Mcu.Pin46=PA11
Mcu.Pin47=PA12
PB10.Signal=USART3_TX
SH.S_TIM8_CH4.ConfNb=1
PB14.Signal=SPI2_MISO
PA5.Signal=S_TIM2_CH1_ETR
Mcu.Pin40=PC6
Mcu.Pin41=PC7
SH.S_TIM8_CH1.0=TIM8_CH1,PWM Generation1 CH1
Mcu.Pin44=PA9
PC12.Mode=SD_4_bits_Wide_bus
Mcu.Pin45=PA10
Mcu.Pin42=PC8
Mcu.Pin43=PC9
ProjectManager.LastFirmware=true
PD1.Mode=Master
PI7.Signal=S_TIM8_CH3
SH.S_TIM12_CH1.ConfNb=1
PE14.Signal=S_TIM1_CH4
PE15.Signal=GPIO_Input
Mcu.Pin37=PD13
Mcu.Pin38=PG3
Mcu.Pin35=PB15
Mcu.Pin36=PD12
SPI1.Mode=SPI_MODE_MASTER
Mcu.Pin39=PG6
PI1.Signal=SPI2_SCK
PI2.Signal=S_TIM8_CH4
VP_TIM12_VS_ClockSourceINT.Signal=TIM12_VS_ClockSourceINT
Mcu.Pin30=PH6
SH.S_TIM9_CH1.0=TIM9_CH1,PWM Generation1 CH1
SH.ADCx_IN12.ConfNb=1
Mcu.Pin33=PB13
Mcu.Pin34=PB14
Mcu.Pin31=PH9
Mcu.Pin32=PH11
NVIC.NonMaskableInt_IRQn=true\:0\:0\:false\:false\:true\:false\:false
PA13.Mode=Serial_Wire
ProjectManager.FreePins=false
Mcu.Pin26=PE14
Mcu.Pin27=PE15
RCC.RTCHSEDivFreq_Value=12500000
PH4.Mode=I2C
Mcu.Pin24=PE11
ProjectManager.UnderRoot=false
Mcu.Pin25=PE13
Mcu.Pin28=PB10
PC8.Mode=SD_4_bits_Wide_bus
Mcu.Pin29=PB11
PB4.Locked=true
PA4.Signal=GPIO_Output
Mcu.Pin22=PB0
PB5.Signal=CAN2_RX
Mcu.Pin23=PE9
Mcu.Pin20=PC4
ADC1.master=1
Mcu.Pin21=PC5
PA10.Locked=true
NVIC.ForceEnableDMAVector=true
NVIC.MemoryManagement_IRQn=true\:0\:0\:false\:false\:true\:false\:false
USART1.VirtualMode=VM_ASYNC
ProjectManager.CompilerOptimize=6
PA11.Signal=USB_OTG_FS_DM
SH.S_TIM2_CH1_ETR.0=TIM2_CH1,Encoder_Interface
ProjectManager.HeapSize=0x200
Mcu.Pin15=PA3
NVIC.HardFault_IRQn=true\:0\:0\:false\:false\:true\:false\:false
Mcu.Pin16=PA4
Mcu.Pin13=PH4
Mcu.Pin14=PH5
PH6.Signal=S_TIM12_CH1
Mcu.Pin19=PA7
ADC1.SamplingTime-5\#ChannelRegularConversion=ADC_SAMPLETIME_3CYCLES
SH.S_TIM3_CH1.ConfNb=1
ProjectManager.ComputerToolchain=false
Mcu.Pin17=PA5
Mcu.Pin18=PA6
NVIC.PriorityGroup=NVIC_PRIORITYGROUP_4
Mcu.Pin11=PA1
Mcu.Pin12=PA2
Mcu.Pin10=PA0-WKUP
TIM1.Channel-PWM\ Generation3\ CH3=TIM_CHANNEL_3
PD2.Signal=SDIO_CMD
PD1.Locked=true
PB0.Signal=GPIO_Output
SH.S_TIM1_CH4.ConfNb=1
ADC1.Rank-5\#ChannelRegularConversion=1
TIM12.IPParameters=Channel-PWM Generation2 CH2,Channel-PWM Generation1 CH1
PC1.Signal=ADCx_IN11
Mcu.Family=STM32F4
ProjectManager.MainLocation=Src
SH.S_TIM4_CH2.ConfNb=1
RCC.CortexFreq_Value=16000000
PG6.Signal=GPIO_Output
ProjectManager.KeepUserCode=true
Mcu.UserName=STM32F407IGTx
PC10.Locked=true
TIM12.Channel-PWM\ Generation2\ CH2=TIM_CHANNEL_2
PG6.Locked=true
PC10.Signal=SDIO_D2
PC5.Locked=true
ProjectManager.functionlistsort=
SH.S_TIM5_CH2.0=TIM5_CH2,Encoder_Interface
PA11.Mode=OTG/Dual_Role_Device
PC9.Locked=true
PD2.Locked=true
SH.S_TIM1_CH3.ConfNb=1
PB11.Signal=USART3_RX
PB15.Signal=SPI2_MOSI
ProjectManager.StackSize=0x400
VP_TIM7_VS_ClockSourceINT.Mode=Enable_Timer
PD13.Signal=S_TIM4_CH2
Mcu.IP4=I2C2
Mcu.IP5=NVIC
Mcu.IP2=CAN2
Mcu.IP3=I2C1
Mcu.IP0=ADC1
PA12.Locked=true
Mcu.IP1=CAN1
PA12.Signal=USB_OTG_FS_DP
Mcu.UserConstants=
Mcu.ThirdPartyNb=0
TIM1.Channel-PWM\ Generation4\ CH4=TIM_CHANNEL_4
TIM8.Channel-PWM\ Generation1\ CH1=TIM_CHANNEL_1
Mcu.IPNb=26
RCC.I2SClocksFreq_Value=160000000
ProjectManager.PreviousToolchain=
RCC.VcooutputI2S=160000000
Mcu.Pin6=PC0
Mcu.Pin7=PC1
Mcu.Pin8=PC2
Mcu.Pin9=PC3
RCC.AHBFreq_Value=16000000
PH0-OSC_IN.Mode=HSE-External-Oscillator
Mcu.Pin0=PE5
Mcu.Pin1=PE6
TIM8.IPParameters=Channel-PWM Generation1 CH1,Channel-PWM Generation3 CH3,Channel-PWM Generation2 CH2,Channel-PWM Generation4 CH4
GPIO.groupedBy=
Mcu.Pin2=PC14-OSC32_IN
Mcu.Pin3=PC15-OSC32_OUT
Mcu.Pin4=PH0-OSC_IN
Mcu.Pin5=PH1-OSC_OUT
RCC.HSE_VALUE=25000000
NVIC.DebugMonitor_IRQn=true\:0\:0\:false\:false\:true\:false\:false
Mcu.IP10=SYS
NVIC.SysTick_IRQn=true\:0\:0\:false\:false\:true\:false\:true
Mcu.IP12=TIM2
Mcu.IP11=TIM1
Mcu.IP18=TIM8
SH.S_TIM12_CH2.ConfNb=1
Mcu.IP17=TIM7
Mcu.IP19=TIM9
VP_TIM7_VS_ClockSourceINT.Signal=TIM7_VS_ClockSourceINT
Mcu.IP14=TIM4
PB4.Mode=Full_Duplex_Master
Mcu.IP13=TIM3
PE13.Signal=S_TIM1_CH3
Mcu.IP16=TIM6
Mcu.IP15=TIM5
PC14-OSC32_IN.Mode=LSE-External-Oscillator
RCC.VCOInputFreq_Value=1666666.6666666667
PA14.Mode=Serial_Wire
PB5.Mode=Slave
File.Version=6
SH.ADCx_IN13.ConfNb=1
PB7.Signal=USART1_RX
Mcu.IP21=USART1
Mcu.IP20=TIM12
Mcu.IP23=USART3
VP_TIM12_VS_ClockSourceINT.Mode=Internal
Mcu.IP22=USART2
SH.S_TIM3_CH1.0=TIM3_CH1,Encoder_Interface
Mcu.IP25=USB_OTG_FS
Mcu.IP24=USART6
PB0.Locked=true
ProjectManager.ProjectName=Core_STM32Project
SH.S_TIM8_CH3.ConfNb=1
PH1-OSC_OUT.Mode=HSE-External-Oscillator
PA6.Signal=S_TIM3_CH1
PA7.Locked=true
USART2.VirtualMode=VM_ASYNC
USART6.VirtualMode=VM_ASYNC
ProjectManager.ToolChainLocation=
RCC.LSI_VALUE=32000
TIM8.Channel-PWM\ Generation2\ CH2=TIM_CHANNEL_2
PI1.Mode=Full_Duplex_Master
PC4.Locked=true
SH.S_TIM5_CH1.0=TIM5_CH1,Encoder_Interface
SH.S_TIM9_CH2.ConfNb=1
SPI2.Direction=SPI_DIRECTION_2LINES
PC5.Signal=GPIO_Input
TIM9.IPParameters=Channel-PWM Generation1 CH1,Channel-PWM Generation2 CH2
PB3.Locked=true
PB4.Signal=SPI1_MISO
PA3.Signal=USART2_RX
PC15-OSC32_OUT.Mode=LSE-External-Oscillator
SH.ADCx_IN13.0=ADC1_IN13,IN13
PA7.Mode=Full_Duplex_Master
PA10.Mode=OTG/Dual_Role_Device
PH11.Signal=S_TIM5_CH2
ProjectManager.NoMain=false
SPI1.IPParameters=VirtualType,Mode,Direction,CalculateBaudRate
PG3.Signal=GPIO_Output
USART6.IPParameters=VirtualMode
PC11.Signal=SDIO_D3
PC8.Signal=SDIO_D0
PC4.Signal=GPIO_Input
PC10.Mode=SD_4_bits_Wide_bus
VP_TIM6_VS_ClockSourceINT.Mode=Enable_Timer
ProjectManager.DefaultFWLocation=true
ProjectManager.DeletePrevious=true
RCC.FamilyName=M
PA13.Signal=SYS_JTMS-SWDIO
SH.S_TIM2_CH2.0=TIM2_CH2,Encoder_Interface
PA9.Mode=Asynchronous
SH.ADCx_IN12.0=ADC1_IN12,IN12
SH.S_TIM1_CH1.0=TIM1_CH1,PWM Generation1 CH1
PH4.Signal=I2C2_SCL
ProjectManager.TargetToolchain=EWARM V8.32
PB9.Mode=I2C
SPI2.IPParameters=VirtualType,Mode,Direction,CalculateBaudRate
PE11.Signal=S_TIM1_CH2
PC15-OSC32_OUT.Signal=RCC_OSC32_OUT
PA1.Signal=S_TIM2_CH2
SH.S_TIM1_CH2.ConfNb=1
RCC.VCOI2SOutputFreq_Value=320000000
PD2.Mode=SD_4_bits_Wide_bus
SH.S_TIM3_CH2.0=TIM3_CH2,Encoder_Interface
PG14.Signal=USART6_TX
board=custom
RCC.VCOOutputFreq_Value=240000000
PB15.Mode=Full_Duplex_Master
VP_TIM9_VS_ClockSourceINT.Mode=Internal
TIM12.Channel-PWM\ Generation1\ CH1=TIM_CHANNEL_1
RCC.APB2Freq_Value=16000000
SH.ADCx_IN11.0=ADC1_IN11,IN11
MxCube.Version=5.6.0
SH.S_TIM1_CH2.0=TIM1_CH2,PWM Generation2 CH2
SH.ADCx_IN10.ConfNb=1
VP_SYS_VS_Systick.Mode=SysTick
CAN2.CalculateTimeQuantum=1000.0
PH1-OSC_OUT.Signal=RCC_OSC_OUT
SH.S_TIM9_CH1.ConfNb=1
PE6.Signal=S_TIM9_CH2
RCC.IPParameters=48MHZClocksFreq_Value,AHBFreq_Value,APB1Freq_Value,APB2Freq_Value,CortexFreq_Value,FamilyName,HSE_VALUE,HSI_VALUE,I2SClocksFreq_Value,LSI_VALUE,PLLCLKFreq_Value,PLLM,PLLN,PLLQ,PLLQCLKFreq_Value,RTCFreq_Value,RTCHSEDivFreq_Value,SYSCLKFreq_VALUE,VCOI2SOutputFreq_Value,VCOInputFreq_Value,VCOOutputFreq_Value,VcooutputI2S
ProjectManager.AskForMigrate=true
Mcu.Name=STM32F407I(E-G)Tx
PD0.Mode=Master
PA2.Signal=USART2_TX
Mcu.IP8=SPI1
Mcu.IP9=SPI2
Mcu.IP6=RCC
Mcu.IP7=SDIO
ProjectManager.CoupleFile=false
RCC.48MHZClocksFreq_Value=48000000
PB3.Signal=SPI1_SCK
RCC.SYSCLKFreq_VALUE=16000000
PA12.Mode=OTG/Dual_Role_Device
KeepUserPlacement=false
USART3.VirtualMode=VM_ASYNC
PA13.Locked=true
PB7.Mode=Asynchronous
PA14.Signal=SYS_JTCK-SWCLK
SH.ADCx_IN10.0=ADC1_IN10,IN10
SH.S_TIM1_CH3.0=TIM1_CH3,PWM Generation3 CH3
RCC.HSI_VALUE=16000000
RCC.PLLQ=5
ADC1.NbrOfConversionFlag=1
RCC.PLLM=15
RCC.PLLN=144
PA2.Mode=Asynchronous
PC8.Locked=true
PH5.Mode=I2C
PC9.Signal=SDIO_D1
RCC.APB1Freq_Value=16000000
ProjectManager.DeviceId=STM32F407IGTx
SH.S_TIM8_CH2.ConfNb=1
ProjectManager.LibraryCopy=0
SH.S_TIM5_CH1.ConfNb=1
PA7.Signal=SPI1_MOSI
