#MicroXplorer Configuration settings - do not modify
Mcu.Family=STM32F4
ProjectManager.MainLocation=Src
SH.S_TIM4_CH2.ConfNb=1
PH0-OSC_IN.Signal=RCC_OSC_IN
RCC.CortexFreq_Value=16000000
ProjectManager.KeepUserCode=true
Mcu.UserName=STM32F407IGHx
PH10.Signal=S_TIM5_CH1
TIM1.IPParameters=Channel-PWM Generation1 CH1,Channel-PWM Generation2 CH2
TIM12.Channel-PWM\ Generation2\ CH2=TIM_CHANNEL_2
RCC.PLLCLKFreq_Value=120000000
RCC.PLLQCLKFreq_Value=48000000
ProjectManager.functionlistsort=
SH.S_TIM5_CH2.0=TIM5_CH2,Encoder_Interface
PA11.Mode=OTG/Dual_Role_Device
RCC.RTCFreq_Value=32000
TIM8.Channel-PWM\ Generation4\ CH4=TIM_CHANNEL_4
SH.S_TIM1_CH1.ConfNb=1
VP_TIM8_VS_ClockSourceINT.Signal=TIM8_VS_ClockSourceINT
PinOutPanel.RotationAngle=0
ProjectManager.StackSize=0x400
Mcu.IP4=TIM2
Mcu.IP5=TIM3
NVIC.SVCall_IRQn=true\:0\:0\:false\:false\:true\:false\:false
Mcu.IP2=SYS
Mcu.IP3=TIM1
Mcu.IP0=NVIC
Mcu.IP1=RCC
PA12.Signal=USB_OTG_FS_DP
Mcu.UserConstants=
SH.S_TIM3_CH2.ConfNb=1
Mcu.ThirdPartyNb=0
PH9.Signal=S_TIM12_CH2
TIM8.Channel-PWM\ Generation1\ CH1=TIM_CHANNEL_1
Mcu.IPNb=12
RCC.I2SClocksFreq_Value=160000000
ProjectManager.PreviousToolchain=
RCC.VcooutputI2S=160000000
PB6.Signal=S_TIM4_CH1
Mcu.Pin6=PB7
Mcu.Pin7=PB6
PE5.Signal=S_TIM9_CH1
Mcu.Pin8=PA12
Mcu.Pin9=PI7
RCC.AHBFreq_Value=16000000
PH0-OSC_IN.Mode=HSE-External-Oscillator
Mcu.Pin0=PB5
Mcu.Pin1=PB4
TIM8.IPParameters=Channel-PWM Generation1 CH1,Channel-PWM Generation2 CH2,Channel-PWM Generation3 CH3,Channel-PWM Generation4 CH4
GPIO.groupedBy=
Mcu.Pin2=PB3
Mcu.Pin3=PA15
Mcu.Pin4=PE5
Mcu.Pin5=PE6
ProjectManager.ProjectBuild=false
RCC.HSE_VALUE=25000000
NVIC.UsageFault_IRQn=true\:0\:0\:false\:false\:true\:false\:false
NVIC.DebugMonitor_IRQn=true\:0\:0\:false\:false\:true\:false\:false
Mcu.IP10=TIM12
NVIC.SysTick_IRQn=true\:0\:0\:false\:false\:true\:false\:true
Mcu.IP11=USB_OTG_FS
ProjectManager.FirmwarePackage=STM32Cube FW_F4 V1.25.0
SH.S_TIM12_CH2.ConfNb=1
MxDb.Version=DB.5.0.60
ProjectManager.BackupPrevious=false
PC14-OSC32_IN.Mode=LSE-External-Oscillator
RCC.VCOInputFreq_Value=1666666.6666666667
SH.S_TIM12_CH1.0=TIM12_CH1,PWM Generation1 CH1
TIM1.Channel-PWM\ Generation1\ CH1=TIM_CHANNEL_1
PI5.Signal=S_TIM8_CH1
PI6.Signal=S_TIM8_CH2
File.Version=6
SH.S_TIM4_CH2.0=TIM4_CH2,Encoder_Interface
PB7.Signal=S_TIM4_CH2
PA8.Signal=S_TIM1_CH1
NVIC.PendSV_IRQn=true\:0\:0\:false\:false\:true\:false\:false
SH.S_TIM3_CH1.0=TIM3_CH1,Encoder_Interface
SH.S_TIM5_CH2.ConfNb=1
ProjectManager.HalAssertFull=false
SH.S_TIM8_CH1.ConfNb=1
VP_TIM1_VS_ClockSourceINT.Mode=Internal
ProjectManager.ProjectName=Core_STM32Project
SH.S_TIM8_CH3.ConfNb=1
PH1-OSC_OUT.Mode=HSE-External-Oscillator
Mcu.Package=UFBGA176
TIM8.Channel-PWM\ Generation3\ CH3=TIM_CHANNEL_3
SH.S_TIM8_CH4.0=TIM8_CH4,PWM Generation4 CH4
ProjectManager.ToolChainLocation=
RCC.LSI_VALUE=32000
VP_SYS_VS_Systick.Signal=SYS_VS_Systick
PA10.Signal=USB_OTG_FS_ID
TIM8.Channel-PWM\ Generation2\ CH2=TIM_CHANNEL_2
PA15.Signal=S_TIM2_CH1_ETR
SH.S_TIM12_CH2.0=TIM12_CH2,PWM Generation2 CH2
SH.S_TIM4_CH1.0=TIM4_CH1,Encoder_Interface
NVIC.BusFault_IRQn=true\:0\:0\:false\:false\:true\:false\:false
SH.S_TIM5_CH1.0=TIM5_CH1,Encoder_Interface
SH.S_TIM9_CH2.ConfNb=1
TIM9.IPParameters=Channel-PWM Generation1 CH1,Channel-PWM Generation2 CH2
ProjectManager.CustomerFirmwarePackage=
PB4.Signal=S_TIM3_CH1
TIM9.Channel-PWM\ Generation2\ CH2=TIM_CHANNEL_2
SH.S_TIM8_CH3.0=TIM8_CH3,PWM Generation3 CH3
PC15-OSC32_OUT.Mode=LSE-External-Oscillator
SH.S_TIM4_CH1.ConfNb=1
TIM9.Channel-PWM\ Generation1\ CH1=TIM_CHANNEL_1
ProjectManager.ProjectFileName=Core_STM32Project.ioc
PA10.Mode=OTG/Dual_Role_Device
Mcu.PinsNb=28
PH11.Signal=S_TIM5_CH2
ProjectManager.NoMain=false
ProjectManager.DefaultFWLocation=true
ProjectManager.DeletePrevious=true
PC14-OSC32_IN.Signal=RCC_OSC32_IN
SH.S_TIM2_CH1_ETR.ConfNb=1
PinOutPanel.CurrentBGAView=Top
SH.S_TIM8_CH2.0=TIM8_CH2,PWM Generation2 CH2
RCC.FamilyName=M
SH.S_TIM2_CH2.0=TIM2_CH2,Encoder_Interface
SH.S_TIM1_CH1.0=TIM1_CH1,PWM Generation1 CH1
ProjectManager.TargetToolchain=EWARM V8.32
SH.S_TIM9_CH2.0=TIM9_CH2,PWM Generation2 CH2
PA9.Signal=S_TIM1_CH2
VP_TIM1_VS_ClockSourceINT.Signal=TIM1_VS_ClockSourceINT
SH.S_TIM2_CH2.ConfNb=1
TIM1.Channel-PWM\ Generation2\ CH2=TIM_CHANNEL_2
VP_TIM8_VS_ClockSourceINT.Mode=Internal
PC15-OSC32_OUT.Signal=RCC_OSC32_OUT
SH.S_TIM1_CH2.ConfNb=1
SH.S_TIM8_CH4.ConfNb=1
RCC.VCOI2SOutputFreq_Value=320000000
SH.S_TIM3_CH2.0=TIM3_CH2,Encoder_Interface
SH.S_TIM8_CH1.0=TIM8_CH1,PWM Generation1 CH1
board=custom
RCC.VCOOutputFreq_Value=240000000
ProjectManager.LastFirmware=true
PI7.Signal=S_TIM8_CH3
SH.S_TIM12_CH1.ConfNb=1
TIM12.Channel-PWM\ Generation1\ CH1=TIM_CHANNEL_1
RCC.APB2Freq_Value=16000000
MxCube.Version=5.6.0
SH.S_TIM1_CH2.0=TIM1_CH2,PWM Generation2 CH2
PI2.Signal=S_TIM8_CH4
VP_SYS_VS_Systick.Mode=SysTick
SH.S_TIM9_CH1.0=TIM9_CH1,PWM Generation1 CH1
PH1-OSC_OUT.Signal=RCC_OSC_OUT
NVIC.NonMaskableInt_IRQn=true\:0\:0\:false\:false\:true\:false\:false
SH.S_TIM9_CH1.ConfNb=1
PE6.Signal=S_TIM9_CH2
ProjectManager.FreePins=false
RCC.IPParameters=48MHZClocksFreq_Value,AHBFreq_Value,APB1Freq_Value,APB2Freq_Value,CortexFreq_Value,FamilyName,HSE_VALUE,HSI_VALUE,I2SClocksFreq_Value,LSI_VALUE,PLLCLKFreq_Value,PLLM,PLLN,PLLQ,PLLQCLKFreq_Value,RTCFreq_Value,RTCHSEDivFreq_Value,SYSCLKFreq_VALUE,VCOI2SOutputFreq_Value,VCOInputFreq_Value,VCOOutputFreq_Value,VcooutputI2S
ProjectManager.AskForMigrate=true
Mcu.Name=STM32F407I(E-G)Hx
Mcu.Pin26=VP_TIM1_VS_ClockSourceINT
Mcu.Pin27=VP_TIM8_VS_ClockSourceINT
RCC.RTCHSEDivFreq_Value=12500000
Mcu.Pin24=PH9
ProjectManager.UnderRoot=false
Mcu.Pin25=VP_SYS_VS_Systick
Mcu.IP8=TIM8
Mcu.IP9=TIM9
Mcu.IP6=TIM4
Mcu.IP7=TIM5
ProjectManager.CoupleFile=false
RCC.48MHZClocksFreq_Value=48000000
PB3.Signal=S_TIM2_CH2
RCC.SYSCLKFreq_VALUE=16000000
PB5.Signal=S_TIM3_CH2
Mcu.Pin22=PH10
Mcu.Pin23=PH6
Mcu.Pin20=PH1-OSC_OUT
Mcu.Pin21=PH11
PA12.Mode=OTG/Dual_Role_Device
NVIC.ForceEnableDMAVector=true
KeepUserPlacement=false
NVIC.MemoryManagement_IRQn=true\:0\:0\:false\:false\:true\:false\:false
ProjectManager.CompilerOptimize=6
PA11.Signal=USB_OTG_FS_DM
SH.S_TIM2_CH1_ETR.0=TIM2_CH1,Encoder_Interface
ProjectManager.HeapSize=0x200
Mcu.Pin15=PC14-OSC32_IN
NVIC.HardFault_IRQn=true\:0\:0\:false\:false\:true\:false\:false
Mcu.Pin16=PA9
Mcu.Pin13=PA11
Mcu.Pin14=PA10
PH6.Signal=S_TIM12_CH1
Mcu.Pin19=PH0-OSC_IN
SH.S_TIM3_CH1.ConfNb=1
ProjectManager.ComputerToolchain=false
Mcu.Pin17=PC15-OSC32_OUT
RCC.HSI_VALUE=16000000
Mcu.Pin18=PA8
RCC.PLLQ=5
NVIC.PriorityGroup=NVIC_PRIORITYGROUP_4
Mcu.Pin11=PI5
Mcu.Pin12=PI2
RCC.PLLM=15
RCC.PLLN=144
Mcu.Pin10=PI6
RCC.APB1Freq_Value=16000000
TIM12.IPParameters=Channel-PWM Generation1 CH1,Channel-PWM Generation2 CH2
ProjectManager.DeviceId=STM32F407IGHx
SH.S_TIM8_CH2.ConfNb=1
ProjectManager.LibraryCopy=0
SH.S_TIM5_CH1.ConfNb=1
